
Microsoft Visual Studio Solution File, Format Version 12.00
# Visual Studio 15
VisualStudioVersion = 15.0.26730.16
MinimumVisualStudioVersion = 10.0.40219.1
Project("{FAE04EC0-301F-11D3-BF4B-00C04F79EFBC}") = "Day 17 More Exceptions", "Day 17 More Exceptions\Day 17 More Exceptions.csproj", "{227DAB19-1EC0-4457-A5AB-2A85CE94FC65}"
EndProject
Global
	GlobalSection(SolutionConfigurationPlatforms) = preSolution
		Debug|Any CPU = Debug|Any CPU
		Release|Any CPU = Release|Any CPU
	EndGlobalSection
	GlobalSection(ProjectConfigurationPlatforms) = postSolution
		{227DAB19-1EC0-4457-A5AB-2A85CE94FC65}.Debug|Any CPU.ActiveCfg = Debug|Any CPU
		{227DAB19-1EC0-4457-A5AB-2A85CE94FC65}.Debug|Any CPU.Build.0 = Debug|Any CPU
		{227DAB19-1EC0-4457-A5AB-2A85CE94FC65}.Release|Any CPU.ActiveCfg = Release|Any CPU
		{227DAB19-1EC0-4457-A5AB-2A85CE94FC65}.Release|Any CPU.Build.0 = Release|Any CPU
	EndGlobalSection
	GlobalSection(SolutionProperties) = preSolution
		HideSolutionNode = FALSE
	EndGlobalSection
	GlobalSection(ExtensibilityGlobals) = postSolution
		SolutionGuid = {D029DDE0-0D67-4A68-8764-6B5E57A5815D}
	EndGlobalSection
EndGlobal
