
Microsoft Visual Studio Solution File, Format Version 12.00
# Visual Studio 15
VisualStudioVersion = 15.0.26730.16
MinimumVisualStudioVersion = 10.0.40219.1
Project("{FAE04EC0-301F-11D3-BF4B-00C04F79EFBC}") = "Day 6 Let's Review", "Day 6 Let's Review\Day 6 Let's Review.csproj", "{DA051558-226D-4CBB-BB67-4B1C6B482BD5}"
EndProject
Global
	GlobalSection(SolutionConfigurationPlatforms) = preSolution
		Debug|Any CPU = Debug|Any CPU
		Release|Any CPU = Release|Any CPU
	EndGlobalSection
	GlobalSection(ProjectConfigurationPlatforms) = postSolution
		{DA051558-226D-4CBB-BB67-4B1C6B482BD5}.Debug|Any CPU.ActiveCfg = Debug|Any CPU
		{DA051558-226D-4CBB-BB67-4B1C6B482BD5}.Debug|Any CPU.Build.0 = Debug|Any CPU
		{DA051558-226D-4CBB-BB67-4B1C6B482BD5}.Release|Any CPU.ActiveCfg = Release|Any CPU
		{DA051558-226D-4CBB-BB67-4B1C6B482BD5}.Release|Any CPU.Build.0 = Release|Any CPU
	EndGlobalSection
	GlobalSection(SolutionProperties) = preSolution
		HideSolutionNode = FALSE
	EndGlobalSection
	GlobalSection(ExtensibilityGlobals) = postSolution
		SolutionGuid = {0669D36D-A093-4595-B818-7CF5A1C821AA}
	EndGlobalSection
EndGlobal
