
Microsoft Visual Studio Solution File, Format Version 12.00
# Visual Studio 15
VisualStudioVersion = 15.0.26730.16
MinimumVisualStudioVersion = 10.0.40219.1
Project("{FAE04EC0-301F-11D3-BF4B-00C04F79EFBC}") = "Day 13 Abstract Classes", "Day 13 Abstract Classes\Day 13 Abstract Classes.csproj", "{68F1D815-0F43-49E8-B563-497BE7A6CD8E}"
EndProject
Global
	GlobalSection(SolutionConfigurationPlatforms) = preSolution
		Debug|Any CPU = Debug|Any CPU
		Release|Any CPU = Release|Any CPU
	EndGlobalSection
	GlobalSection(ProjectConfigurationPlatforms) = postSolution
		{68F1D815-0F43-49E8-B563-497BE7A6CD8E}.Debug|Any CPU.ActiveCfg = Debug|Any CPU
		{68F1D815-0F43-49E8-B563-497BE7A6CD8E}.Debug|Any CPU.Build.0 = Debug|Any CPU
		{68F1D815-0F43-49E8-B563-497BE7A6CD8E}.Release|Any CPU.ActiveCfg = Release|Any CPU
		{68F1D815-0F43-49E8-B563-497BE7A6CD8E}.Release|Any CPU.Build.0 = Release|Any CPU
	EndGlobalSection
	GlobalSection(SolutionProperties) = preSolution
		HideSolutionNode = FALSE
	EndGlobalSection
	GlobalSection(ExtensibilityGlobals) = postSolution
		SolutionGuid = {EAC926C9-D03B-414D-992B-4DB704FF4B53}
	EndGlobalSection
EndGlobal
