
Microsoft Visual Studio Solution File, Format Version 12.00
# Visual Studio 15
VisualStudioVersion = 15.0.26730.16
MinimumVisualStudioVersion = 10.0.40219.1
Project("{FAE04EC0-301F-11D3-BF4B-00C04F79EFBC}") = "Day 10 Binary Numbers", "Day 10 Binary Numbers\Day 10 Binary Numbers.csproj", "{79E7F883-80F9-4A2D-A4B2-095C70DEDDBA}"
EndProject
Global
	GlobalSection(SolutionConfigurationPlatforms) = preSolution
		Debug|Any CPU = Debug|Any CPU
		Release|Any CPU = Release|Any CPU
	EndGlobalSection
	GlobalSection(ProjectConfigurationPlatforms) = postSolution
		{79E7F883-80F9-4A2D-A4B2-095C70DEDDBA}.Debug|Any CPU.ActiveCfg = Debug|Any CPU
		{79E7F883-80F9-4A2D-A4B2-095C70DEDDBA}.Debug|Any CPU.Build.0 = Debug|Any CPU
		{79E7F883-80F9-4A2D-A4B2-095C70DEDDBA}.Release|Any CPU.ActiveCfg = Release|Any CPU
		{79E7F883-80F9-4A2D-A4B2-095C70DEDDBA}.Release|Any CPU.Build.0 = Release|Any CPU
	EndGlobalSection
	GlobalSection(SolutionProperties) = preSolution
		HideSolutionNode = FALSE
	EndGlobalSection
	GlobalSection(ExtensibilityGlobals) = postSolution
		SolutionGuid = {E1E36C64-B989-45B3-8A97-ACCA1066C593}
	EndGlobalSection
EndGlobal
