
Microsoft Visual Studio Solution File, Format Version 12.00
# Visual Studio 15
VisualStudioVersion = 15.0.26730.16
MinimumVisualStudioVersion = 10.0.40219.1
Project("{FAE04EC0-301F-11D3-BF4B-00C04F79EFBC}") = "Day 14 Scope", "Day 14 Scope\Day 14 Scope.csproj", "{A2DDDDD2-C898-41CB-9113-CB0E45D5F3F4}"
EndProject
Global
	GlobalSection(SolutionConfigurationPlatforms) = preSolution
		Debug|Any CPU = Debug|Any CPU
		Release|Any CPU = Release|Any CPU
	EndGlobalSection
	GlobalSection(ProjectConfigurationPlatforms) = postSolution
		{A2DDDDD2-C898-41CB-9113-CB0E45D5F3F4}.Debug|Any CPU.ActiveCfg = Debug|Any CPU
		{A2DDDDD2-C898-41CB-9113-CB0E45D5F3F4}.Debug|Any CPU.Build.0 = Debug|Any CPU
		{A2DDDDD2-C898-41CB-9113-CB0E45D5F3F4}.Release|Any CPU.ActiveCfg = Release|Any CPU
		{A2DDDDD2-C898-41CB-9113-CB0E45D5F3F4}.Release|Any CPU.Build.0 = Release|Any CPU
	EndGlobalSection
	GlobalSection(SolutionProperties) = preSolution
		HideSolutionNode = FALSE
	EndGlobalSection
	GlobalSection(ExtensibilityGlobals) = postSolution
		SolutionGuid = {41E144B2-2598-43F6-AE60-940DA32AE0B8}
	EndGlobalSection
EndGlobal
